
Microsoft Visual Studio Solution File, Format Version 11.00
# Visual Studio 2010
Project("{FAE04EC0-301F-11D3-BF4B-00C04F79EFBC}") = "Serialization & Copying Cleanroom", "Assembly-CSharp-Editor.csproj", "{01ED72D4-2AD4-2B9C-9E7D-0E2BAC7EFAE4}"
EndProject
Global
	GlobalSection(SolutionConfigurationPlatforms) = preSolution
		Debug|Any CPU = Debug|Any CPU
		Release|Any CPU = Release|Any CPU
	EndGlobalSection
	GlobalSection(ProjectConfigurationPlatforms) = postSolution
		{01ED72D4-2AD4-2B9C-9E7D-0E2BAC7EFAE4}.Debug|Any CPU.ActiveCfg = Debug|Any CPU
		{01ED72D4-2AD4-2B9C-9E7D-0E2BAC7EFAE4}.Debug|Any CPU.Build.0 = Debug|Any CPU
		{01ED72D4-2AD4-2B9C-9E7D-0E2BAC7EFAE4}.Release|Any CPU.ActiveCfg = Release|Any CPU
		{01ED72D4-2AD4-2B9C-9E7D-0E2BAC7EFAE4}.Release|Any CPU.Build.0 = Release|Any CPU
	EndGlobalSection
	GlobalSection(SolutionProperties) = preSolution
		HideSolutionNode = FALSE
	EndGlobalSection
	GlobalSection(MonoDevelopProperties) = preSolution
		StartupItem = Assembly-CSharp.csproj
	EndGlobalSection
EndGlobal
